
Microsoft Visual Studio Solution File, Format Version 12.00
# Visual Studio 14
VisualStudioVersion = 14.0.25123.0
MinimumVisualStudioVersion = 10.0.40219.1
Project("{FAE04EC0-301F-11D3-BF4B-00C04F79EFBC}") = "LabSatrack.Cross.Droid", "LabSatrack.Cross\LabSatrack.Cross.Droid\LabSatrack.Cross.Droid.csproj", "{E9291CB3-FFC1-4A6D-BE0E-031B6BC93D9B}"
EndProject
Project("{FAE04EC0-301F-11D3-BF4B-00C04F79EFBC}") = "LabSatrack.Cross.iOS", "LabSatrack.Cross\LabSatrack.Cross.iOS\LabSatrack.Cross.iOS.csproj", "{61BD568A-44D8-466F-BD23-947CF64912BD}"
EndProject
Project("{FAE04EC0-301F-11D3-BF4B-00C04F79EFBC}") = "LabSatrack.Cross.UWP", "LabSatrack.Cross\LabSatrack.Cross.UWP\LabSatrack.Cross.UWP.csproj", "{E27E50EE-03A7-44AE-AEA3-A41A67BED3A3}"
EndProject
Project("{FAE04EC0-301F-11D3-BF4B-00C04F79EFBC}") = "LabSatrack.Cross", "LabSatrack.Cross\LabSatrack.Cross\LabSatrack.Cross.csproj", "{B6B5D2FB-6BF6-4793-8F85-D3923E7453BF}"
EndProject
Project("{2150E333-8FDC-42A3-9474-1A3956D46DE8}") = "Platforms", "Platforms", "{6AA5C81D-CE3A-4B6F-A5E7-4A323D44FBC2}"
EndProject
Project("{2150E333-8FDC-42A3-9474-1A3956D46DE8}") = "UI", "UI", "{D5247097-D074-4DD9-ACBD-3C6E5428B40C}"
EndProject
Project("{2150E333-8FDC-42A3-9474-1A3956D46DE8}") = "Business", "Business", "{82E2035C-613B-4EBE-8F16-CFEB98F4C193}"
EndProject
Project("{FAE04EC0-301F-11D3-BF4B-00C04F79EFBC}") = "LabSatrack.Logic", "LabSatrack.Logic\LabSatrack.Logic.csproj", "{E56A1C1A-7669-4D8A-8B94-963A50A9FC8F}"
EndProject
Project("{FAE04EC0-301F-11D3-BF4B-00C04F79EFBC}") = "LabSatrack.Domain", "LabSatrack.Domain\LabSatrack.Domain.csproj", "{B89411E3-81B2-4E11-B805-99CD5F0E43AA}"
EndProject
Project("{2150E333-8FDC-42A3-9474-1A3956D46DE8}") = "Infrastructure", "Infrastructure", "{B804517A-C60B-4C86-BAFD-E1AF1AE981A9}"
EndProject
Project("{FAE04EC0-301F-11D3-BF4B-00C04F79EFBC}") = "LabSatrack.Infrastructure", "LabSatrack.Infrastructure\LabSatrack.Infrastructure.csproj", "{215D7B38-6B93-40AE-9698-FAD79B909E76}"
EndProject
Global
	GlobalSection(SolutionConfigurationPlatforms) = preSolution
		Ad-Hoc|Any CPU = Ad-Hoc|Any CPU
		Ad-Hoc|ARM = Ad-Hoc|ARM
		Ad-Hoc|iPhone = Ad-Hoc|iPhone
		Ad-Hoc|iPhoneSimulator = Ad-Hoc|iPhoneSimulator
		Ad-Hoc|x64 = Ad-Hoc|x64
		Ad-Hoc|x86 = Ad-Hoc|x86
		AppStore|Any CPU = AppStore|Any CPU
		AppStore|ARM = AppStore|ARM
		AppStore|iPhone = AppStore|iPhone
		AppStore|iPhoneSimulator = AppStore|iPhoneSimulator
		AppStore|x64 = AppStore|x64
		AppStore|x86 = AppStore|x86
		Debug|Any CPU = Debug|Any CPU
		Debug|ARM = Debug|ARM
		Debug|iPhone = Debug|iPhone
		Debug|iPhoneSimulator = Debug|iPhoneSimulator
		Debug|x64 = Debug|x64
		Debug|x86 = Debug|x86
		Release|Any CPU = Release|Any CPU
		Release|ARM = Release|ARM
		Release|iPhone = Release|iPhone
		Release|iPhoneSimulator = Release|iPhoneSimulator
		Release|x64 = Release|x64
		Release|x86 = Release|x86
	EndGlobalSection
	GlobalSection(ProjectConfigurationPlatforms) = postSolution
		{E9291CB3-FFC1-4A6D-BE0E-031B6BC93D9B}.Ad-Hoc|Any CPU.ActiveCfg = Release|Any CPU
		{E9291CB3-FFC1-4A6D-BE0E-031B6BC93D9B}.Ad-Hoc|Any CPU.Build.0 = Release|Any CPU
		{E9291CB3-FFC1-4A6D-BE0E-031B6BC93D9B}.Ad-Hoc|Any CPU.Deploy.0 = Release|Any CPU
		{E9291CB3-FFC1-4A6D-BE0E-031B6BC93D9B}.Ad-Hoc|ARM.ActiveCfg = Release|Any CPU
		{E9291CB3-FFC1-4A6D-BE0E-031B6BC93D9B}.Ad-Hoc|ARM.Build.0 = Release|Any CPU
		{E9291CB3-FFC1-4A6D-BE0E-031B6BC93D9B}.Ad-Hoc|ARM.Deploy.0 = Release|Any CPU
		{E9291CB3-FFC1-4A6D-BE0E-031B6BC93D9B}.Ad-Hoc|iPhone.ActiveCfg = Release|Any CPU
		{E9291CB3-FFC1-4A6D-BE0E-031B6BC93D9B}.Ad-Hoc|iPhone.Build.0 = Release|Any CPU
		{E9291CB3-FFC1-4A6D-BE0E-031B6BC93D9B}.Ad-Hoc|iPhone.Deploy.0 = Release|Any CPU
		{E9291CB3-FFC1-4A6D-BE0E-031B6BC93D9B}.Ad-Hoc|iPhoneSimulator.ActiveCfg = Release|Any CPU
		{E9291CB3-FFC1-4A6D-BE0E-031B6BC93D9B}.Ad-Hoc|iPhoneSimulator.Build.0 = Release|Any CPU
		{E9291CB3-FFC1-4A6D-BE0E-031B6BC93D9B}.Ad-Hoc|iPhoneSimulator.Deploy.0 = Release|Any CPU
		{E9291CB3-FFC1-4A6D-BE0E-031B6BC93D9B}.Ad-Hoc|x64.ActiveCfg = Release|Any CPU
		{E9291CB3-FFC1-4A6D-BE0E-031B6BC93D9B}.Ad-Hoc|x64.Build.0 = Release|Any CPU
		{E9291CB3-FFC1-4A6D-BE0E-031B6BC93D9B}.Ad-Hoc|x64.Deploy.0 = Release|Any CPU
		{E9291CB3-FFC1-4A6D-BE0E-031B6BC93D9B}.Ad-Hoc|x86.ActiveCfg = Release|Any CPU
		{E9291CB3-FFC1-4A6D-BE0E-031B6BC93D9B}.Ad-Hoc|x86.Build.0 = Release|Any CPU
		{E9291CB3-FFC1-4A6D-BE0E-031B6BC93D9B}.Ad-Hoc|x86.Deploy.0 = Release|Any CPU
		{E9291CB3-FFC1-4A6D-BE0E-031B6BC93D9B}.AppStore|Any CPU.ActiveCfg = Release|Any CPU
		{E9291CB3-FFC1-4A6D-BE0E-031B6BC93D9B}.AppStore|Any CPU.Build.0 = Release|Any CPU
		{E9291CB3-FFC1-4A6D-BE0E-031B6BC93D9B}.AppStore|Any CPU.Deploy.0 = Release|Any CPU
		{E9291CB3-FFC1-4A6D-BE0E-031B6BC93D9B}.AppStore|ARM.ActiveCfg = Release|Any CPU
		{E9291CB3-FFC1-4A6D-BE0E-031B6BC93D9B}.AppStore|ARM.Build.0 = Release|Any CPU
		{E9291CB3-FFC1-4A6D-BE0E-031B6BC93D9B}.AppStore|ARM.Deploy.0 = Release|Any CPU
		{E9291CB3-FFC1-4A6D-BE0E-031B6BC93D9B}.AppStore|iPhone.ActiveCfg = Release|Any CPU
		{E9291CB3-FFC1-4A6D-BE0E-031B6BC93D9B}.AppStore|iPhone.Build.0 = Release|Any CPU
		{E9291CB3-FFC1-4A6D-BE0E-031B6BC93D9B}.AppStore|iPhone.Deploy.0 = Release|Any CPU
		{E9291CB3-FFC1-4A6D-BE0E-031B6BC93D9B}.AppStore|iPhoneSimulator.ActiveCfg = Release|Any CPU
		{E9291CB3-FFC1-4A6D-BE0E-031B6BC93D9B}.AppStore|iPhoneSimulator.Build.0 = Release|Any CPU
		{E9291CB3-FFC1-4A6D-BE0E-031B6BC93D9B}.AppStore|iPhoneSimulator.Deploy.0 = Release|Any CPU
		{E9291CB3-FFC1-4A6D-BE0E-031B6BC93D9B}.AppStore|x64.ActiveCfg = Release|Any CPU
		{E9291CB3-FFC1-4A6D-BE0E-031B6BC93D9B}.AppStore|x64.Build.0 = Release|Any CPU
		{E9291CB3-FFC1-4A6D-BE0E-031B6BC93D9B}.AppStore|x64.Deploy.0 = Release|Any CPU
		{E9291CB3-FFC1-4A6D-BE0E-031B6BC93D9B}.AppStore|x86.ActiveCfg = Release|Any CPU
		{E9291CB3-FFC1-4A6D-BE0E-031B6BC93D9B}.AppStore|x86.Build.0 = Release|Any CPU
		{E9291CB3-FFC1-4A6D-BE0E-031B6BC93D9B}.AppStore|x86.Deploy.0 = Release|Any CPU
		{E9291CB3-FFC1-4A6D-BE0E-031B6BC93D9B}.Debug|Any CPU.ActiveCfg = Debug|Any CPU
		{E9291CB3-FFC1-4A6D-BE0E-031B6BC93D9B}.Debug|Any CPU.Build.0 = Debug|Any CPU
		{E9291CB3-FFC1-4A6D-BE0E-031B6BC93D9B}.Debug|Any CPU.Deploy.0 = Debug|Any CPU
		{E9291CB3-FFC1-4A6D-BE0E-031B6BC93D9B}.Debug|ARM.ActiveCfg = Debug|Any CPU
		{E9291CB3-FFC1-4A6D-BE0E-031B6BC93D9B}.Debug|ARM.Build.0 = Debug|Any CPU
		{E9291CB3-FFC1-4A6D-BE0E-031B6BC93D9B}.Debug|ARM.Deploy.0 = Debug|Any CPU
		{E9291CB3-FFC1-4A6D-BE0E-031B6BC93D9B}.Debug|iPhone.ActiveCfg = Debug|Any CPU
		{E9291CB3-FFC1-4A6D-BE0E-031B6BC93D9B}.Debug|iPhone.Build.0 = Debug|Any CPU
		{E9291CB3-FFC1-4A6D-BE0E-031B6BC93D9B}.Debug|iPhone.Deploy.0 = Debug|Any CPU
		{E9291CB3-FFC1-4A6D-BE0E-031B6BC93D9B}.Debug|iPhoneSimulator.ActiveCfg = Debug|Any CPU
		{E9291CB3-FFC1-4A6D-BE0E-031B6BC93D9B}.Debug|iPhoneSimulator.Build.0 = Debug|Any CPU
		{E9291CB3-FFC1-4A6D-BE0E-031B6BC93D9B}.Debug|iPhoneSimulator.Deploy.0 = Debug|Any CPU
		{E9291CB3-FFC1-4A6D-BE0E-031B6BC93D9B}.Debug|x64.ActiveCfg = Debug|Any CPU
		{E9291CB3-FFC1-4A6D-BE0E-031B6BC93D9B}.Debug|x64.Build.0 = Debug|Any CPU
		{E9291CB3-FFC1-4A6D-BE0E-031B6BC93D9B}.Debug|x64.Deploy.0 = Debug|Any CPU
		{E9291CB3-FFC1-4A6D-BE0E-031B6BC93D9B}.Debug|x86.ActiveCfg = Debug|Any CPU
		{E9291CB3-FFC1-4A6D-BE0E-031B6BC93D9B}.Debug|x86.Build.0 = Debug|Any CPU
		{E9291CB3-FFC1-4A6D-BE0E-031B6BC93D9B}.Debug|x86.Deploy.0 = Debug|Any CPU
		{E9291CB3-FFC1-4A6D-BE0E-031B6BC93D9B}.Release|Any CPU.ActiveCfg = Release|Any CPU
		{E9291CB3-FFC1-4A6D-BE0E-031B6BC93D9B}.Release|Any CPU.Build.0 = Release|Any CPU
		{E9291CB3-FFC1-4A6D-BE0E-031B6BC93D9B}.Release|Any CPU.Deploy.0 = Release|Any CPU
		{E9291CB3-FFC1-4A6D-BE0E-031B6BC93D9B}.Release|ARM.ActiveCfg = Release|Any CPU
		{E9291CB3-FFC1-4A6D-BE0E-031B6BC93D9B}.Release|ARM.Build.0 = Release|Any CPU
		{E9291CB3-FFC1-4A6D-BE0E-031B6BC93D9B}.Release|ARM.Deploy.0 = Release|Any CPU
		{E9291CB3-FFC1-4A6D-BE0E-031B6BC93D9B}.Release|iPhone.ActiveCfg = Release|Any CPU
		{E9291CB3-FFC1-4A6D-BE0E-031B6BC93D9B}.Release|iPhone.Build.0 = Release|Any CPU
		{E9291CB3-FFC1-4A6D-BE0E-031B6BC93D9B}.Release|iPhone.Deploy.0 = Release|Any CPU
		{E9291CB3-FFC1-4A6D-BE0E-031B6BC93D9B}.Release|iPhoneSimulator.ActiveCfg = Release|Any CPU
		{E9291CB3-FFC1-4A6D-BE0E-031B6BC93D9B}.Release|iPhoneSimulator.Build.0 = Release|Any CPU
		{E9291CB3-FFC1-4A6D-BE0E-031B6BC93D9B}.Release|iPhoneSimulator.Deploy.0 = Release|Any CPU
		{E9291CB3-FFC1-4A6D-BE0E-031B6BC93D9B}.Release|x64.ActiveCfg = Release|Any CPU
		{E9291CB3-FFC1-4A6D-BE0E-031B6BC93D9B}.Release|x64.Build.0 = Release|Any CPU
		{E9291CB3-FFC1-4A6D-BE0E-031B6BC93D9B}.Release|x64.Deploy.0 = Release|Any CPU
		{E9291CB3-FFC1-4A6D-BE0E-031B6BC93D9B}.Release|x86.ActiveCfg = Release|Any CPU
		{E9291CB3-FFC1-4A6D-BE0E-031B6BC93D9B}.Release|x86.Build.0 = Release|Any CPU
		{E9291CB3-FFC1-4A6D-BE0E-031B6BC93D9B}.Release|x86.Deploy.0 = Release|Any CPU
		{61BD568A-44D8-466F-BD23-947CF64912BD}.Ad-Hoc|Any CPU.ActiveCfg = Ad-Hoc|iPhone
		{61BD568A-44D8-466F-BD23-947CF64912BD}.Ad-Hoc|ARM.ActiveCfg = Ad-Hoc|iPhone
		{61BD568A-44D8-466F-BD23-947CF64912BD}.Ad-Hoc|iPhone.ActiveCfg = Ad-Hoc|iPhone
		{61BD568A-44D8-466F-BD23-947CF64912BD}.Ad-Hoc|iPhone.Build.0 = Ad-Hoc|iPhone
		{61BD568A-44D8-466F-BD23-947CF64912BD}.Ad-Hoc|iPhoneSimulator.ActiveCfg = Ad-Hoc|iPhoneSimulator
		{61BD568A-44D8-466F-BD23-947CF64912BD}.Ad-Hoc|iPhoneSimulator.Build.0 = Ad-Hoc|iPhoneSimulator
		{61BD568A-44D8-466F-BD23-947CF64912BD}.Ad-Hoc|x64.ActiveCfg = Ad-Hoc|iPhone
		{61BD568A-44D8-466F-BD23-947CF64912BD}.Ad-Hoc|x86.ActiveCfg = Ad-Hoc|iPhone
		{61BD568A-44D8-466F-BD23-947CF64912BD}.AppStore|Any CPU.ActiveCfg = AppStore|iPhone
		{61BD568A-44D8-466F-BD23-947CF64912BD}.AppStore|ARM.ActiveCfg = AppStore|iPhone
		{61BD568A-44D8-466F-BD23-947CF64912BD}.AppStore|iPhone.ActiveCfg = AppStore|iPhone
		{61BD568A-44D8-466F-BD23-947CF64912BD}.AppStore|iPhone.Build.0 = AppStore|iPhone
		{61BD568A-44D8-466F-BD23-947CF64912BD}.AppStore|iPhoneSimulator.ActiveCfg = AppStore|iPhoneSimulator
		{61BD568A-44D8-466F-BD23-947CF64912BD}.AppStore|iPhoneSimulator.Build.0 = AppStore|iPhoneSimulator
		{61BD568A-44D8-466F-BD23-947CF64912BD}.AppStore|x64.ActiveCfg = AppStore|iPhone
		{61BD568A-44D8-466F-BD23-947CF64912BD}.AppStore|x86.ActiveCfg = AppStore|iPhone
		{61BD568A-44D8-466F-BD23-947CF64912BD}.Debug|Any CPU.ActiveCfg = Debug|iPhone
		{61BD568A-44D8-466F-BD23-947CF64912BD}.Debug|ARM.ActiveCfg = Debug|iPhone
		{61BD568A-44D8-466F-BD23-947CF64912BD}.Debug|iPhone.ActiveCfg = Debug|iPhone
		{61BD568A-44D8-466F-BD23-947CF64912BD}.Debug|iPhone.Build.0 = Debug|iPhone
		{61BD568A-44D8-466F-BD23-947CF64912BD}.Debug|iPhoneSimulator.ActiveCfg = Debug|iPhoneSimulator
		{61BD568A-44D8-466F-BD23-947CF64912BD}.Debug|iPhoneSimulator.Build.0 = Debug|iPhoneSimulator
		{61BD568A-44D8-466F-BD23-947CF64912BD}.Debug|x64.ActiveCfg = Debug|iPhone
		{61BD568A-44D8-466F-BD23-947CF64912BD}.Debug|x86.ActiveCfg = Debug|iPhone
		{61BD568A-44D8-466F-BD23-947CF64912BD}.Release|Any CPU.ActiveCfg = Release|iPhone
		{61BD568A-44D8-466F-BD23-947CF64912BD}.Release|ARM.ActiveCfg = Release|iPhone
		{61BD568A-44D8-466F-BD23-947CF64912BD}.Release|iPhone.ActiveCfg = Release|iPhone
		{61BD568A-44D8-466F-BD23-947CF64912BD}.Release|iPhone.Build.0 = Release|iPhone
		{61BD568A-44D8-466F-BD23-947CF64912BD}.Release|iPhoneSimulator.ActiveCfg = Release|iPhoneSimulator
		{61BD568A-44D8-466F-BD23-947CF64912BD}.Release|iPhoneSimulator.Build.0 = Release|iPhoneSimulator
		{61BD568A-44D8-466F-BD23-947CF64912BD}.Release|x64.ActiveCfg = Release|iPhone
		{61BD568A-44D8-466F-BD23-947CF64912BD}.Release|x86.ActiveCfg = Release|iPhone
		{E27E50EE-03A7-44AE-AEA3-A41A67BED3A3}.Ad-Hoc|Any CPU.ActiveCfg = Release|x86
		{E27E50EE-03A7-44AE-AEA3-A41A67BED3A3}.Ad-Hoc|Any CPU.Build.0 = Release|x86
		{E27E50EE-03A7-44AE-AEA3-A41A67BED3A3}.Ad-Hoc|Any CPU.Deploy.0 = Release|x86
		{E27E50EE-03A7-44AE-AEA3-A41A67BED3A3}.Ad-Hoc|ARM.ActiveCfg = Release|ARM
		{E27E50EE-03A7-44AE-AEA3-A41A67BED3A3}.Ad-Hoc|ARM.Build.0 = Release|ARM
		{E27E50EE-03A7-44AE-AEA3-A41A67BED3A3}.Ad-Hoc|ARM.Deploy.0 = Release|ARM
		{E27E50EE-03A7-44AE-AEA3-A41A67BED3A3}.Ad-Hoc|iPhone.ActiveCfg = Release|x86
		{E27E50EE-03A7-44AE-AEA3-A41A67BED3A3}.Ad-Hoc|iPhone.Build.0 = Release|x86
		{E27E50EE-03A7-44AE-AEA3-A41A67BED3A3}.Ad-Hoc|iPhone.Deploy.0 = Release|x86
		{E27E50EE-03A7-44AE-AEA3-A41A67BED3A3}.Ad-Hoc|iPhoneSimulator.ActiveCfg = Release|x86
		{E27E50EE-03A7-44AE-AEA3-A41A67BED3A3}.Ad-Hoc|iPhoneSimulator.Build.0 = Release|x86
		{E27E50EE-03A7-44AE-AEA3-A41A67BED3A3}.Ad-Hoc|iPhoneSimulator.Deploy.0 = Release|x86
		{E27E50EE-03A7-44AE-AEA3-A41A67BED3A3}.Ad-Hoc|x64.ActiveCfg = Release|x64
		{E27E50EE-03A7-44AE-AEA3-A41A67BED3A3}.Ad-Hoc|x64.Build.0 = Release|x64
		{E27E50EE-03A7-44AE-AEA3-A41A67BED3A3}.Ad-Hoc|x64.Deploy.0 = Release|x64
		{E27E50EE-03A7-44AE-AEA3-A41A67BED3A3}.Ad-Hoc|x86.ActiveCfg = Release|x86
		{E27E50EE-03A7-44AE-AEA3-A41A67BED3A3}.Ad-Hoc|x86.Build.0 = Release|x86
		{E27E50EE-03A7-44AE-AEA3-A41A67BED3A3}.Ad-Hoc|x86.Deploy.0 = Release|x86
		{E27E50EE-03A7-44AE-AEA3-A41A67BED3A3}.AppStore|Any CPU.ActiveCfg = Release|x86
		{E27E50EE-03A7-44AE-AEA3-A41A67BED3A3}.AppStore|Any CPU.Build.0 = Release|x86
		{E27E50EE-03A7-44AE-AEA3-A41A67BED3A3}.AppStore|Any CPU.Deploy.0 = Release|x86
		{E27E50EE-03A7-44AE-AEA3-A41A67BED3A3}.AppStore|ARM.ActiveCfg = Release|ARM
		{E27E50EE-03A7-44AE-AEA3-A41A67BED3A3}.AppStore|ARM.Build.0 = Release|ARM
		{E27E50EE-03A7-44AE-AEA3-A41A67BED3A3}.AppStore|ARM.Deploy.0 = Release|ARM
		{E27E50EE-03A7-44AE-AEA3-A41A67BED3A3}.AppStore|iPhone.ActiveCfg = Release|x86
		{E27E50EE-03A7-44AE-AEA3-A41A67BED3A3}.AppStore|iPhone.Build.0 = Release|x86
		{E27E50EE-03A7-44AE-AEA3-A41A67BED3A3}.AppStore|iPhone.Deploy.0 = Release|x86
		{E27E50EE-03A7-44AE-AEA3-A41A67BED3A3}.AppStore|iPhoneSimulator.ActiveCfg = Release|x86
		{E27E50EE-03A7-44AE-AEA3-A41A67BED3A3}.AppStore|iPhoneSimulator.Build.0 = Release|x86
		{E27E50EE-03A7-44AE-AEA3-A41A67BED3A3}.AppStore|iPhoneSimulator.Deploy.0 = Release|x86
		{E27E50EE-03A7-44AE-AEA3-A41A67BED3A3}.AppStore|x64.ActiveCfg = Release|x64
		{E27E50EE-03A7-44AE-AEA3-A41A67BED3A3}.AppStore|x64.Build.0 = Release|x64
		{E27E50EE-03A7-44AE-AEA3-A41A67BED3A3}.AppStore|x64.Deploy.0 = Release|x64
		{E27E50EE-03A7-44AE-AEA3-A41A67BED3A3}.AppStore|x86.ActiveCfg = Release|x86
		{E27E50EE-03A7-44AE-AEA3-A41A67BED3A3}.AppStore|x86.Build.0 = Release|x86
		{E27E50EE-03A7-44AE-AEA3-A41A67BED3A3}.AppStore|x86.Deploy.0 = Release|x86
		{E27E50EE-03A7-44AE-AEA3-A41A67BED3A3}.Debug|Any CPU.ActiveCfg = Debug|x86
		{E27E50EE-03A7-44AE-AEA3-A41A67BED3A3}.Debug|ARM.ActiveCfg = Debug|ARM
		{E27E50EE-03A7-44AE-AEA3-A41A67BED3A3}.Debug|ARM.Build.0 = Debug|ARM
		{E27E50EE-03A7-44AE-AEA3-A41A67BED3A3}.Debug|ARM.Deploy.0 = Debug|ARM
		{E27E50EE-03A7-44AE-AEA3-A41A67BED3A3}.Debug|iPhone.ActiveCfg = Debug|x86
		{E27E50EE-03A7-44AE-AEA3-A41A67BED3A3}.Debug|iPhoneSimulator.ActiveCfg = Debug|x86
		{E27E50EE-03A7-44AE-AEA3-A41A67BED3A3}.Debug|x64.ActiveCfg = Debug|x64
		{E27E50EE-03A7-44AE-AEA3-A41A67BED3A3}.Debug|x64.Build.0 = Debug|x64
		{E27E50EE-03A7-44AE-AEA3-A41A67BED3A3}.Debug|x64.Deploy.0 = Debug|x64
		{E27E50EE-03A7-44AE-AEA3-A41A67BED3A3}.Debug|x86.ActiveCfg = Debug|x86
		{E27E50EE-03A7-44AE-AEA3-A41A67BED3A3}.Debug|x86.Build.0 = Debug|x86
		{E27E50EE-03A7-44AE-AEA3-A41A67BED3A3}.Debug|x86.Deploy.0 = Debug|x86
		{E27E50EE-03A7-44AE-AEA3-A41A67BED3A3}.Release|Any CPU.ActiveCfg = Release|x86
		{E27E50EE-03A7-44AE-AEA3-A41A67BED3A3}.Release|ARM.ActiveCfg = Release|ARM
		{E27E50EE-03A7-44AE-AEA3-A41A67BED3A3}.Release|ARM.Build.0 = Release|ARM
		{E27E50EE-03A7-44AE-AEA3-A41A67BED3A3}.Release|ARM.Deploy.0 = Release|ARM
		{E27E50EE-03A7-44AE-AEA3-A41A67BED3A3}.Release|iPhone.ActiveCfg = Release|x86
		{E27E50EE-03A7-44AE-AEA3-A41A67BED3A3}.Release|iPhoneSimulator.ActiveCfg = Release|x86
		{E27E50EE-03A7-44AE-AEA3-A41A67BED3A3}.Release|x64.ActiveCfg = Release|x64
		{E27E50EE-03A7-44AE-AEA3-A41A67BED3A3}.Release|x64.Build.0 = Release|x64
		{E27E50EE-03A7-44AE-AEA3-A41A67BED3A3}.Release|x64.Deploy.0 = Release|x64
		{E27E50EE-03A7-44AE-AEA3-A41A67BED3A3}.Release|x86.ActiveCfg = Release|x86
		{E27E50EE-03A7-44AE-AEA3-A41A67BED3A3}.Release|x86.Build.0 = Release|x86
		{E27E50EE-03A7-44AE-AEA3-A41A67BED3A3}.Release|x86.Deploy.0 = Release|x86
		{B6B5D2FB-6BF6-4793-8F85-D3923E7453BF}.Ad-Hoc|Any CPU.ActiveCfg = Release|Any CPU
		{B6B5D2FB-6BF6-4793-8F85-D3923E7453BF}.Ad-Hoc|Any CPU.Build.0 = Release|Any CPU
		{B6B5D2FB-6BF6-4793-8F85-D3923E7453BF}.Ad-Hoc|ARM.ActiveCfg = Release|Any CPU
		{B6B5D2FB-6BF6-4793-8F85-D3923E7453BF}.Ad-Hoc|ARM.Build.0 = Release|Any CPU
		{B6B5D2FB-6BF6-4793-8F85-D3923E7453BF}.Ad-Hoc|iPhone.ActiveCfg = Release|Any CPU
		{B6B5D2FB-6BF6-4793-8F85-D3923E7453BF}.Ad-Hoc|iPhone.Build.0 = Release|Any CPU
		{B6B5D2FB-6BF6-4793-8F85-D3923E7453BF}.Ad-Hoc|iPhoneSimulator.ActiveCfg = Release|Any CPU
		{B6B5D2FB-6BF6-4793-8F85-D3923E7453BF}.Ad-Hoc|iPhoneSimulator.Build.0 = Release|Any CPU
		{B6B5D2FB-6BF6-4793-8F85-D3923E7453BF}.Ad-Hoc|x64.ActiveCfg = Release|Any CPU
		{B6B5D2FB-6BF6-4793-8F85-D3923E7453BF}.Ad-Hoc|x64.Build.0 = Release|Any CPU
		{B6B5D2FB-6BF6-4793-8F85-D3923E7453BF}.Ad-Hoc|x86.ActiveCfg = Release|Any CPU
		{B6B5D2FB-6BF6-4793-8F85-D3923E7453BF}.Ad-Hoc|x86.Build.0 = Release|Any CPU
		{B6B5D2FB-6BF6-4793-8F85-D3923E7453BF}.AppStore|Any CPU.ActiveCfg = Release|Any CPU
		{B6B5D2FB-6BF6-4793-8F85-D3923E7453BF}.AppStore|Any CPU.Build.0 = Release|Any CPU
		{B6B5D2FB-6BF6-4793-8F85-D3923E7453BF}.AppStore|ARM.ActiveCfg = Release|Any CPU
		{B6B5D2FB-6BF6-4793-8F85-D3923E7453BF}.AppStore|ARM.Build.0 = Release|Any CPU
		{B6B5D2FB-6BF6-4793-8F85-D3923E7453BF}.AppStore|iPhone.ActiveCfg = Release|Any CPU
		{B6B5D2FB-6BF6-4793-8F85-D3923E7453BF}.AppStore|iPhone.Build.0 = Release|Any CPU
		{B6B5D2FB-6BF6-4793-8F85-D3923E7453BF}.AppStore|iPhoneSimulator.ActiveCfg = Release|Any CPU
		{B6B5D2FB-6BF6-4793-8F85-D3923E7453BF}.AppStore|iPhoneSimulator.Build.0 = Release|Any CPU
		{B6B5D2FB-6BF6-4793-8F85-D3923E7453BF}.AppStore|x64.ActiveCfg = Release|Any CPU
		{B6B5D2FB-6BF6-4793-8F85-D3923E7453BF}.AppStore|x64.Build.0 = Release|Any CPU
		{B6B5D2FB-6BF6-4793-8F85-D3923E7453BF}.AppStore|x86.ActiveCfg = Release|Any CPU
		{B6B5D2FB-6BF6-4793-8F85-D3923E7453BF}.AppStore|x86.Build.0 = Release|Any CPU
		{B6B5D2FB-6BF6-4793-8F85-D3923E7453BF}.Debug|Any CPU.ActiveCfg = Debug|Any CPU
		{B6B5D2FB-6BF6-4793-8F85-D3923E7453BF}.Debug|Any CPU.Build.0 = Debug|Any CPU
		{B6B5D2FB-6BF6-4793-8F85-D3923E7453BF}.Debug|ARM.ActiveCfg = Debug|Any CPU
		{B6B5D2FB-6BF6-4793-8F85-D3923E7453BF}.Debug|ARM.Build.0 = Debug|Any CPU
		{B6B5D2FB-6BF6-4793-8F85-D3923E7453BF}.Debug|iPhone.ActiveCfg = Debug|Any CPU
		{B6B5D2FB-6BF6-4793-8F85-D3923E7453BF}.Debug|iPhone.Build.0 = Debug|Any CPU
		{B6B5D2FB-6BF6-4793-8F85-D3923E7453BF}.Debug|iPhoneSimulator.ActiveCfg = Debug|Any CPU
		{B6B5D2FB-6BF6-4793-8F85-D3923E7453BF}.Debug|iPhoneSimulator.Build.0 = Debug|Any CPU
		{B6B5D2FB-6BF6-4793-8F85-D3923E7453BF}.Debug|x64.ActiveCfg = Debug|Any CPU
		{B6B5D2FB-6BF6-4793-8F85-D3923E7453BF}.Debug|x64.Build.0 = Debug|Any CPU
		{B6B5D2FB-6BF6-4793-8F85-D3923E7453BF}.Debug|x86.ActiveCfg = Debug|Any CPU
		{B6B5D2FB-6BF6-4793-8F85-D3923E7453BF}.Debug|x86.Build.0 = Debug|Any CPU
		{B6B5D2FB-6BF6-4793-8F85-D3923E7453BF}.Release|Any CPU.ActiveCfg = Release|Any CPU
		{B6B5D2FB-6BF6-4793-8F85-D3923E7453BF}.Release|Any CPU.Build.0 = Release|Any CPU
		{B6B5D2FB-6BF6-4793-8F85-D3923E7453BF}.Release|ARM.ActiveCfg = Release|Any CPU
		{B6B5D2FB-6BF6-4793-8F85-D3923E7453BF}.Release|ARM.Build.0 = Release|Any CPU
		{B6B5D2FB-6BF6-4793-8F85-D3923E7453BF}.Release|iPhone.ActiveCfg = Release|Any CPU
		{B6B5D2FB-6BF6-4793-8F85-D3923E7453BF}.Release|iPhone.Build.0 = Release|Any CPU
		{B6B5D2FB-6BF6-4793-8F85-D3923E7453BF}.Release|iPhoneSimulator.ActiveCfg = Release|Any CPU
		{B6B5D2FB-6BF6-4793-8F85-D3923E7453BF}.Release|iPhoneSimulator.Build.0 = Release|Any CPU
		{B6B5D2FB-6BF6-4793-8F85-D3923E7453BF}.Release|x64.ActiveCfg = Release|Any CPU
		{B6B5D2FB-6BF6-4793-8F85-D3923E7453BF}.Release|x64.Build.0 = Release|Any CPU
		{B6B5D2FB-6BF6-4793-8F85-D3923E7453BF}.Release|x86.ActiveCfg = Release|Any CPU
		{B6B5D2FB-6BF6-4793-8F85-D3923E7453BF}.Release|x86.Build.0 = Release|Any CPU
		{E56A1C1A-7669-4D8A-8B94-963A50A9FC8F}.Ad-Hoc|Any CPU.ActiveCfg = Release|Any CPU
		{E56A1C1A-7669-4D8A-8B94-963A50A9FC8F}.Ad-Hoc|Any CPU.Build.0 = Release|Any CPU
		{E56A1C1A-7669-4D8A-8B94-963A50A9FC8F}.Ad-Hoc|ARM.ActiveCfg = Release|Any CPU
		{E56A1C1A-7669-4D8A-8B94-963A50A9FC8F}.Ad-Hoc|ARM.Build.0 = Release|Any CPU
		{E56A1C1A-7669-4D8A-8B94-963A50A9FC8F}.Ad-Hoc|iPhone.ActiveCfg = Release|Any CPU
		{E56A1C1A-7669-4D8A-8B94-963A50A9FC8F}.Ad-Hoc|iPhone.Build.0 = Release|Any CPU
		{E56A1C1A-7669-4D8A-8B94-963A50A9FC8F}.Ad-Hoc|iPhoneSimulator.ActiveCfg = Release|Any CPU
		{E56A1C1A-7669-4D8A-8B94-963A50A9FC8F}.Ad-Hoc|iPhoneSimulator.Build.0 = Release|Any CPU
		{E56A1C1A-7669-4D8A-8B94-963A50A9FC8F}.Ad-Hoc|x64.ActiveCfg = Release|Any CPU
		{E56A1C1A-7669-4D8A-8B94-963A50A9FC8F}.Ad-Hoc|x64.Build.0 = Release|Any CPU
		{E56A1C1A-7669-4D8A-8B94-963A50A9FC8F}.Ad-Hoc|x86.ActiveCfg = Release|Any CPU
		{E56A1C1A-7669-4D8A-8B94-963A50A9FC8F}.Ad-Hoc|x86.Build.0 = Release|Any CPU
		{E56A1C1A-7669-4D8A-8B94-963A50A9FC8F}.AppStore|Any CPU.ActiveCfg = Release|Any CPU
		{E56A1C1A-7669-4D8A-8B94-963A50A9FC8F}.AppStore|Any CPU.Build.0 = Release|Any CPU
		{E56A1C1A-7669-4D8A-8B94-963A50A9FC8F}.AppStore|ARM.ActiveCfg = Release|Any CPU
		{E56A1C1A-7669-4D8A-8B94-963A50A9FC8F}.AppStore|ARM.Build.0 = Release|Any CPU
		{E56A1C1A-7669-4D8A-8B94-963A50A9FC8F}.AppStore|iPhone.ActiveCfg = Release|Any CPU
		{E56A1C1A-7669-4D8A-8B94-963A50A9FC8F}.AppStore|iPhone.Build.0 = Release|Any CPU
		{E56A1C1A-7669-4D8A-8B94-963A50A9FC8F}.AppStore|iPhoneSimulator.ActiveCfg = Release|Any CPU
		{E56A1C1A-7669-4D8A-8B94-963A50A9FC8F}.AppStore|iPhoneSimulator.Build.0 = Release|Any CPU
		{E56A1C1A-7669-4D8A-8B94-963A50A9FC8F}.AppStore|x64.ActiveCfg = Release|Any CPU
		{E56A1C1A-7669-4D8A-8B94-963A50A9FC8F}.AppStore|x64.Build.0 = Release|Any CPU
		{E56A1C1A-7669-4D8A-8B94-963A50A9FC8F}.AppStore|x86.ActiveCfg = Release|Any CPU
		{E56A1C1A-7669-4D8A-8B94-963A50A9FC8F}.AppStore|x86.Build.0 = Release|Any CPU
		{E56A1C1A-7669-4D8A-8B94-963A50A9FC8F}.Debug|Any CPU.ActiveCfg = Debug|Any CPU
		{E56A1C1A-7669-4D8A-8B94-963A50A9FC8F}.Debug|Any CPU.Build.0 = Debug|Any CPU
		{E56A1C1A-7669-4D8A-8B94-963A50A9FC8F}.Debug|ARM.ActiveCfg = Debug|Any CPU
		{E56A1C1A-7669-4D8A-8B94-963A50A9FC8F}.Debug|ARM.Build.0 = Debug|Any CPU
		{E56A1C1A-7669-4D8A-8B94-963A50A9FC8F}.Debug|iPhone.ActiveCfg = Debug|Any CPU
		{E56A1C1A-7669-4D8A-8B94-963A50A9FC8F}.Debug|iPhone.Build.0 = Debug|Any CPU
		{E56A1C1A-7669-4D8A-8B94-963A50A9FC8F}.Debug|iPhoneSimulator.ActiveCfg = Debug|Any CPU
		{E56A1C1A-7669-4D8A-8B94-963A50A9FC8F}.Debug|iPhoneSimulator.Build.0 = Debug|Any CPU
		{E56A1C1A-7669-4D8A-8B94-963A50A9FC8F}.Debug|x64.ActiveCfg = Debug|Any CPU
		{E56A1C1A-7669-4D8A-8B94-963A50A9FC8F}.Debug|x64.Build.0 = Debug|Any CPU
		{E56A1C1A-7669-4D8A-8B94-963A50A9FC8F}.Debug|x86.ActiveCfg = Debug|Any CPU
		{E56A1C1A-7669-4D8A-8B94-963A50A9FC8F}.Debug|x86.Build.0 = Debug|Any CPU
		{E56A1C1A-7669-4D8A-8B94-963A50A9FC8F}.Release|Any CPU.ActiveCfg = Release|Any CPU
		{E56A1C1A-7669-4D8A-8B94-963A50A9FC8F}.Release|Any CPU.Build.0 = Release|Any CPU
		{E56A1C1A-7669-4D8A-8B94-963A50A9FC8F}.Release|ARM.ActiveCfg = Release|Any CPU
		{E56A1C1A-7669-4D8A-8B94-963A50A9FC8F}.Release|ARM.Build.0 = Release|Any CPU
		{E56A1C1A-7669-4D8A-8B94-963A50A9FC8F}.Release|iPhone.ActiveCfg = Release|Any CPU
		{E56A1C1A-7669-4D8A-8B94-963A50A9FC8F}.Release|iPhone.Build.0 = Release|Any CPU
		{E56A1C1A-7669-4D8A-8B94-963A50A9FC8F}.Release|iPhoneSimulator.ActiveCfg = Release|Any CPU
		{E56A1C1A-7669-4D8A-8B94-963A50A9FC8F}.Release|iPhoneSimulator.Build.0 = Release|Any CPU
		{E56A1C1A-7669-4D8A-8B94-963A50A9FC8F}.Release|x64.ActiveCfg = Release|Any CPU
		{E56A1C1A-7669-4D8A-8B94-963A50A9FC8F}.Release|x64.Build.0 = Release|Any CPU
		{E56A1C1A-7669-4D8A-8B94-963A50A9FC8F}.Release|x86.ActiveCfg = Release|Any CPU
		{E56A1C1A-7669-4D8A-8B94-963A50A9FC8F}.Release|x86.Build.0 = Release|Any CPU
		{B89411E3-81B2-4E11-B805-99CD5F0E43AA}.Ad-Hoc|Any CPU.ActiveCfg = Release|Any CPU
		{B89411E3-81B2-4E11-B805-99CD5F0E43AA}.Ad-Hoc|Any CPU.Build.0 = Release|Any CPU
		{B89411E3-81B2-4E11-B805-99CD5F0E43AA}.Ad-Hoc|ARM.ActiveCfg = Release|Any CPU
		{B89411E3-81B2-4E11-B805-99CD5F0E43AA}.Ad-Hoc|ARM.Build.0 = Release|Any CPU
		{B89411E3-81B2-4E11-B805-99CD5F0E43AA}.Ad-Hoc|iPhone.ActiveCfg = Release|Any CPU
		{B89411E3-81B2-4E11-B805-99CD5F0E43AA}.Ad-Hoc|iPhone.Build.0 = Release|Any CPU
		{B89411E3-81B2-4E11-B805-99CD5F0E43AA}.Ad-Hoc|iPhoneSimulator.ActiveCfg = Release|Any CPU
		{B89411E3-81B2-4E11-B805-99CD5F0E43AA}.Ad-Hoc|iPhoneSimulator.Build.0 = Release|Any CPU
		{B89411E3-81B2-4E11-B805-99CD5F0E43AA}.Ad-Hoc|x64.ActiveCfg = Release|Any CPU
		{B89411E3-81B2-4E11-B805-99CD5F0E43AA}.Ad-Hoc|x64.Build.0 = Release|Any CPU
		{B89411E3-81B2-4E11-B805-99CD5F0E43AA}.Ad-Hoc|x86.ActiveCfg = Release|Any CPU
		{B89411E3-81B2-4E11-B805-99CD5F0E43AA}.Ad-Hoc|x86.Build.0 = Release|Any CPU
		{B89411E3-81B2-4E11-B805-99CD5F0E43AA}.AppStore|Any CPU.ActiveCfg = Release|Any CPU
		{B89411E3-81B2-4E11-B805-99CD5F0E43AA}.AppStore|Any CPU.Build.0 = Release|Any CPU
		{B89411E3-81B2-4E11-B805-99CD5F0E43AA}.AppStore|ARM.ActiveCfg = Release|Any CPU
		{B89411E3-81B2-4E11-B805-99CD5F0E43AA}.AppStore|ARM.Build.0 = Release|Any CPU
		{B89411E3-81B2-4E11-B805-99CD5F0E43AA}.AppStore|iPhone.ActiveCfg = Release|Any CPU
		{B89411E3-81B2-4E11-B805-99CD5F0E43AA}.AppStore|iPhone.Build.0 = Release|Any CPU
		{B89411E3-81B2-4E11-B805-99CD5F0E43AA}.AppStore|iPhoneSimulator.ActiveCfg = Release|Any CPU
		{B89411E3-81B2-4E11-B805-99CD5F0E43AA}.AppStore|iPhoneSimulator.Build.0 = Release|Any CPU
		{B89411E3-81B2-4E11-B805-99CD5F0E43AA}.AppStore|x64.ActiveCfg = Release|Any CPU
		{B89411E3-81B2-4E11-B805-99CD5F0E43AA}.AppStore|x64.Build.0 = Release|Any CPU
		{B89411E3-81B2-4E11-B805-99CD5F0E43AA}.AppStore|x86.ActiveCfg = Release|Any CPU
		{B89411E3-81B2-4E11-B805-99CD5F0E43AA}.AppStore|x86.Build.0 = Release|Any CPU
		{B89411E3-81B2-4E11-B805-99CD5F0E43AA}.Debug|Any CPU.ActiveCfg = Debug|Any CPU
		{B89411E3-81B2-4E11-B805-99CD5F0E43AA}.Debug|Any CPU.Build.0 = Debug|Any CPU
		{B89411E3-81B2-4E11-B805-99CD5F0E43AA}.Debug|ARM.ActiveCfg = Debug|Any CPU
		{B89411E3-81B2-4E11-B805-99CD5F0E43AA}.Debug|ARM.Build.0 = Debug|Any CPU
		{B89411E3-81B2-4E11-B805-99CD5F0E43AA}.Debug|iPhone.ActiveCfg = Debug|Any CPU
		{B89411E3-81B2-4E11-B805-99CD5F0E43AA}.Debug|iPhone.Build.0 = Debug|Any CPU
		{B89411E3-81B2-4E11-B805-99CD5F0E43AA}.Debug|iPhoneSimulator.ActiveCfg = Debug|Any CPU
		{B89411E3-81B2-4E11-B805-99CD5F0E43AA}.Debug|iPhoneSimulator.Build.0 = Debug|Any CPU
		{B89411E3-81B2-4E11-B805-99CD5F0E43AA}.Debug|x64.ActiveCfg = Debug|Any CPU
		{B89411E3-81B2-4E11-B805-99CD5F0E43AA}.Debug|x64.Build.0 = Debug|Any CPU
		{B89411E3-81B2-4E11-B805-99CD5F0E43AA}.Debug|x86.ActiveCfg = Debug|Any CPU
		{B89411E3-81B2-4E11-B805-99CD5F0E43AA}.Debug|x86.Build.0 = Debug|Any CPU
		{B89411E3-81B2-4E11-B805-99CD5F0E43AA}.Release|Any CPU.ActiveCfg = Release|Any CPU
		{B89411E3-81B2-4E11-B805-99CD5F0E43AA}.Release|Any CPU.Build.0 = Release|Any CPU
		{B89411E3-81B2-4E11-B805-99CD5F0E43AA}.Release|ARM.ActiveCfg = Release|Any CPU
		{B89411E3-81B2-4E11-B805-99CD5F0E43AA}.Release|ARM.Build.0 = Release|Any CPU
		{B89411E3-81B2-4E11-B805-99CD5F0E43AA}.Release|iPhone.ActiveCfg = Release|Any CPU
		{B89411E3-81B2-4E11-B805-99CD5F0E43AA}.Release|iPhone.Build.0 = Release|Any CPU
		{B89411E3-81B2-4E11-B805-99CD5F0E43AA}.Release|iPhoneSimulator.ActiveCfg = Release|Any CPU
		{B89411E3-81B2-4E11-B805-99CD5F0E43AA}.Release|iPhoneSimulator.Build.0 = Release|Any CPU
		{B89411E3-81B2-4E11-B805-99CD5F0E43AA}.Release|x64.ActiveCfg = Release|Any CPU
		{B89411E3-81B2-4E11-B805-99CD5F0E43AA}.Release|x64.Build.0 = Release|Any CPU
		{B89411E3-81B2-4E11-B805-99CD5F0E43AA}.Release|x86.ActiveCfg = Release|Any CPU
		{B89411E3-81B2-4E11-B805-99CD5F0E43AA}.Release|x86.Build.0 = Release|Any CPU
		{215D7B38-6B93-40AE-9698-FAD79B909E76}.Ad-Hoc|Any CPU.ActiveCfg = Release|Any CPU
		{215D7B38-6B93-40AE-9698-FAD79B909E76}.Ad-Hoc|Any CPU.Build.0 = Release|Any CPU
		{215D7B38-6B93-40AE-9698-FAD79B909E76}.Ad-Hoc|ARM.ActiveCfg = Release|Any CPU
		{215D7B38-6B93-40AE-9698-FAD79B909E76}.Ad-Hoc|ARM.Build.0 = Release|Any CPU
		{215D7B38-6B93-40AE-9698-FAD79B909E76}.Ad-Hoc|iPhone.ActiveCfg = Release|Any CPU
		{215D7B38-6B93-40AE-9698-FAD79B909E76}.Ad-Hoc|iPhone.Build.0 = Release|Any CPU
		{215D7B38-6B93-40AE-9698-FAD79B909E76}.Ad-Hoc|iPhoneSimulator.ActiveCfg = Release|Any CPU
		{215D7B38-6B93-40AE-9698-FAD79B909E76}.Ad-Hoc|iPhoneSimulator.Build.0 = Release|Any CPU
		{215D7B38-6B93-40AE-9698-FAD79B909E76}.Ad-Hoc|x64.ActiveCfg = Release|Any CPU
		{215D7B38-6B93-40AE-9698-FAD79B909E76}.Ad-Hoc|x64.Build.0 = Release|Any CPU
		{215D7B38-6B93-40AE-9698-FAD79B909E76}.Ad-Hoc|x86.ActiveCfg = Release|Any CPU
		{215D7B38-6B93-40AE-9698-FAD79B909E76}.Ad-Hoc|x86.Build.0 = Release|Any CPU
		{215D7B38-6B93-40AE-9698-FAD79B909E76}.AppStore|Any CPU.ActiveCfg = Release|Any CPU
		{215D7B38-6B93-40AE-9698-FAD79B909E76}.AppStore|Any CPU.Build.0 = Release|Any CPU
		{215D7B38-6B93-40AE-9698-FAD79B909E76}.AppStore|ARM.ActiveCfg = Release|Any CPU
		{215D7B38-6B93-40AE-9698-FAD79B909E76}.AppStore|ARM.Build.0 = Release|Any CPU
		{215D7B38-6B93-40AE-9698-FAD79B909E76}.AppStore|iPhone.ActiveCfg = Release|Any CPU
		{215D7B38-6B93-40AE-9698-FAD79B909E76}.AppStore|iPhone.Build.0 = Release|Any CPU
		{215D7B38-6B93-40AE-9698-FAD79B909E76}.AppStore|iPhoneSimulator.ActiveCfg = Release|Any CPU
		{215D7B38-6B93-40AE-9698-FAD79B909E76}.AppStore|iPhoneSimulator.Build.0 = Release|Any CPU
		{215D7B38-6B93-40AE-9698-FAD79B909E76}.AppStore|x64.ActiveCfg = Release|Any CPU
		{215D7B38-6B93-40AE-9698-FAD79B909E76}.AppStore|x64.Build.0 = Release|Any CPU
		{215D7B38-6B93-40AE-9698-FAD79B909E76}.AppStore|x86.ActiveCfg = Release|Any CPU
		{215D7B38-6B93-40AE-9698-FAD79B909E76}.AppStore|x86.Build.0 = Release|Any CPU
		{215D7B38-6B93-40AE-9698-FAD79B909E76}.Debug|Any CPU.ActiveCfg = Debug|Any CPU
		{215D7B38-6B93-40AE-9698-FAD79B909E76}.Debug|Any CPU.Build.0 = Debug|Any CPU
		{215D7B38-6B93-40AE-9698-FAD79B909E76}.Debug|ARM.ActiveCfg = Debug|Any CPU
		{215D7B38-6B93-40AE-9698-FAD79B909E76}.Debug|ARM.Build.0 = Debug|Any CPU
		{215D7B38-6B93-40AE-9698-FAD79B909E76}.Debug|iPhone.ActiveCfg = Debug|Any CPU
		{215D7B38-6B93-40AE-9698-FAD79B909E76}.Debug|iPhone.Build.0 = Debug|Any CPU
		{215D7B38-6B93-40AE-9698-FAD79B909E76}.Debug|iPhoneSimulator.ActiveCfg = Debug|Any CPU
		{215D7B38-6B93-40AE-9698-FAD79B909E76}.Debug|iPhoneSimulator.Build.0 = Debug|Any CPU
		{215D7B38-6B93-40AE-9698-FAD79B909E76}.Debug|x64.ActiveCfg = Debug|Any CPU
		{215D7B38-6B93-40AE-9698-FAD79B909E76}.Debug|x64.Build.0 = Debug|Any CPU
		{215D7B38-6B93-40AE-9698-FAD79B909E76}.Debug|x86.ActiveCfg = Debug|Any CPU
		{215D7B38-6B93-40AE-9698-FAD79B909E76}.Debug|x86.Build.0 = Debug|Any CPU
		{215D7B38-6B93-40AE-9698-FAD79B909E76}.Release|Any CPU.ActiveCfg = Release|Any CPU
		{215D7B38-6B93-40AE-9698-FAD79B909E76}.Release|Any CPU.Build.0 = Release|Any CPU
		{215D7B38-6B93-40AE-9698-FAD79B909E76}.Release|ARM.ActiveCfg = Release|Any CPU
		{215D7B38-6B93-40AE-9698-FAD79B909E76}.Release|ARM.Build.0 = Release|Any CPU
		{215D7B38-6B93-40AE-9698-FAD79B909E76}.Release|iPhone.ActiveCfg = Release|Any CPU
		{215D7B38-6B93-40AE-9698-FAD79B909E76}.Release|iPhone.Build.0 = Release|Any CPU
		{215D7B38-6B93-40AE-9698-FAD79B909E76}.Release|iPhoneSimulator.ActiveCfg = Release|Any CPU
		{215D7B38-6B93-40AE-9698-FAD79B909E76}.Release|iPhoneSimulator.Build.0 = Release|Any CPU
		{215D7B38-6B93-40AE-9698-FAD79B909E76}.Release|x64.ActiveCfg = Release|Any CPU
		{215D7B38-6B93-40AE-9698-FAD79B909E76}.Release|x64.Build.0 = Release|Any CPU
		{215D7B38-6B93-40AE-9698-FAD79B909E76}.Release|x86.ActiveCfg = Release|Any CPU
		{215D7B38-6B93-40AE-9698-FAD79B909E76}.Release|x86.Build.0 = Release|Any CPU
	EndGlobalSection
	GlobalSection(SolutionProperties) = preSolution
		HideSolutionNode = FALSE
	EndGlobalSection
	GlobalSection(NestedProjects) = preSolution
		{E9291CB3-FFC1-4A6D-BE0E-031B6BC93D9B} = {6AA5C81D-CE3A-4B6F-A5E7-4A323D44FBC2}
		{61BD568A-44D8-466F-BD23-947CF64912BD} = {6AA5C81D-CE3A-4B6F-A5E7-4A323D44FBC2}
		{E27E50EE-03A7-44AE-AEA3-A41A67BED3A3} = {6AA5C81D-CE3A-4B6F-A5E7-4A323D44FBC2}
		{B6B5D2FB-6BF6-4793-8F85-D3923E7453BF} = {D5247097-D074-4DD9-ACBD-3C6E5428B40C}
		{E56A1C1A-7669-4D8A-8B94-963A50A9FC8F} = {82E2035C-613B-4EBE-8F16-CFEB98F4C193}
		{B89411E3-81B2-4E11-B805-99CD5F0E43AA} = {82E2035C-613B-4EBE-8F16-CFEB98F4C193}
		{215D7B38-6B93-40AE-9698-FAD79B909E76} = {B804517A-C60B-4C86-BAFD-E1AF1AE981A9}
	EndGlobalSection
EndGlobal
